
Microsoft Visual Studio Solution File, Format Version 12.00
# Visual Studio Version 17
VisualStudioVersion = 17.13.35913.81 d17.13
MinimumVisualStudioVersion = 10.0.40219.1
Project("{FAE04EC0-301F-11D3-BF4B-00C04F79EFBC}") = "proyecto_final", "proyecto_final\proyecto_final.csproj", "{FE4CC8D9-99A0-414F-9E23-D1414346744D}"
EndProject
Global
	GlobalSection(SolutionConfigurationPlatforms) = preSolution
		Debug|Any CPU = Debug|Any CPU
		Release|Any CPU = Release|Any CPU
	EndGlobalSection
	GlobalSection(ProjectConfigurationPlatforms) = postSolution
		{FE4CC8D9-99A0-414F-9E23-D1414346744D}.Debug|Any CPU.ActiveCfg = Debug|Any CPU
		{FE4CC8D9-99A0-414F-9E23-D1414346744D}.Debug|Any CPU.Build.0 = Debug|Any CPU
		{FE4CC8D9-99A0-414F-9E23-D1414346744D}.Release|Any CPU.ActiveCfg = Release|Any CPU
		{FE4CC8D9-99A0-414F-9E23-D1414346744D}.Release|Any CPU.Build.0 = Release|Any CPU
	EndGlobalSection
	GlobalSection(SolutionProperties) = preSolution
		HideSolutionNode = FALSE
	EndGlobalSection
	GlobalSection(ExtensibilityGlobals) = postSolution
		SolutionGuid = {13F0089B-2E48-48D4-B951-4B91F90399FB}
	EndGlobalSection
EndGlobal
